sha256 2026.9.26.60809 c98ae65e6a3041145f899676e32be994be0631e5ca1a20dda2d44d642378a6e8
path 2026.9.27.25138 d9c01123796f41d9b3dbc597c8a09779dbdfb4ce4da503a72b98430379bcdff9
toml 2026.9.27.24103 2e77712040de684ac3bcf3587078136a74ead909a704fb8cce6bda773cd5cdcd
list 2026.9.27.25204 f62eb48b6cc979caae9faf335bbf2ccd2c89d82871720e4f215994da2ea7fa69
result 2026.9.27.25202 775ddd1d75cab66af3120427a71ce174ec74d47e894a85a0bc2319052cddcab1
process 2026.9.27.24110 73be423acc67ddaf55e7db19d2835ea05d3787964a74e42dca6b000e3f988045
str 2026.9.27.2044 c40903796377e94685b58dd401c5d3adf9dd9a77d94f157e81f9bb78f21ec6d2
file 2026.9.27.42153 7d3c254e7ea508e153ef59128929d5f08d3326b0bb25c33b13db9a6cbc202da9
env 2026.9.26.71059 39cc1c194144cd15ed63d0634847f8d455b177fe6b15984fbfc7e1ad22c844e1
builder 2026.9.27.996 da91bdafb7ee89226a7a001b0d42b7e115e46eb0dc76634eb7ac64547233128e
arith 2026.9.26.53393 0a38c36aeef541c9e3ecbac173b42c6d05a3f80d783dfdfc9a1e2fdc83f335d4
array 2026.9.26.84302 25fc3e5ef55435db0339fcdf60bdf885aa77c737f83ec694680382f8ba7a612a
argparse 2026.9.26.26285 a3fc6b238245c71780825a36c0688aab239bbdc14171d02a9cacf9238ac1339f
