argparse 2026.9.26.26285 a3fc6b238245c71780825a36c0688aab239bbdc14171d02a9cacf9238ac1339f
arith 2026.9.26.53393 0a38c36aeef541c9e3ecbac173b42c6d05a3f80d783dfdfc9a1e2fdc83f335d4
array 2026.9.26.49437 a0e815b8bf0db84fcf8b65a06a90e3e6b8b48161783fbc5a471933c63b171183
builder 2026.3.7.7710 f987346be1e4a708c136394da740170f420145b2a6063e83b47bb477836a84f7
env 2026.9.26.44408 971817ed71d477489481957a9333f98c20f493c44ea2b3c96b0e20d886c482a2
file 2026.9.26.39221 b6ed4ac53ef62ea29b94cd298abd6f1d37b4da8341ba74dce0d20435883cd810
list 2026.3.11.18659 525b1f0da9ffab0464c80c5b67033d384cfe09269fbbf0adeeed13ce8c3afe3c
path 2026.9.26.53051 447e1a5efa47bfbb4ef0b8a330b11a6b52370b8f7012110e8684e2978f6b730b
process 2026.9.26.59679 00db54bd568e9cdabc0e18fabca6812c444d07adc08c83020f08ffef5f5fb788
result 2026.2.26.8765 bb1306ca3db5da9f886cd78257166d1600dd73a4aa3648d8e8b72271efb2d6fc
sha256 2026.9.26.42661 e3df640b943738559d24bd9b53aa61621543b8b75442f8d8d41bdb9fb5d4280f
str 2026.9.26.46210 6417c0f29834a078fd849edf3f2a6d482e21c8caad67acc72de30ec2d61773e4
toml 2026.9.26.56155 278af724adbdffdf648fe7944493b7e4dec8787385504e04684fdedf8617e356
