json 2026.9.26.22369 0
toml 2026.9.26.25826 0
arith 2026.9.26.20370 0
array 2026.3.13.36158 0
builder 2026.3.7.7710 0
result 2026.2.26.8765 0
arith 2026.9.26.20370 0
array 2026.3.13.36158 0
result 2026.2.26.8765 0
str 2026.9.26.19244 0
arith 2026.9.26.20370 0
array 2026.3.13.36158 0
builder 2026.3.7.7710 0
result 2026.2.26.8765 0
arith 2026.9.26.20370 0
array 2026.3.13.36158 0
result 2026.2.26.8765 0
str 2026.9.26.19244 0
arith 2026.9.26.20370 0
array 2026.3.13.36158 0
arith 2026.9.26.20370 0
array 2026.3.13.36158 0
arith 2026.9.26.20370 0
array 2026.3.13.36158 0
builder 2026.3.7.7710 0
result 2026.2.26.8765 0
arith 2026.9.26.20370 0
array 2026.3.13.36158 0
result 2026.2.26.8765 0
str 2026.9.26.19244 0
arith 2026.9.26.20370 0
array 2026.3.13.36158 0
arith 2026.9.26.20370 0
array 2026.3.13.36158 0
arith 2026.9.26.20370 0
array 2026.3.13.36158 0
builder 2026.3.7.7710 0
result 2026.2.26.8765 0
arith 2026.9.26.20370 0
array 2026.3.13.36158 0
result 2026.2.26.8765 0
str 2026.9.26.19244 0
arith 2026.9.26.20370 0
array 2026.3.13.36158 0
arith 2026.9.26.20370 0
array 2026.3.13.36158 0
arith 2026.9.26.20370 0
array 2026.3.13.36158 0
builder 2026.3.7.7710 0
result 2026.2.26.8765 0
arith 2026.9.26.20370 0
array 2026.3.13.36158 0
result 2026.2.26.8765 0
str 2026.9.26.19244 0
arith 2026.9.26.20370 0
array 2026.3.13.36158 0
arith 2026.9.26.20370 0
array 2026.3.13.36158 0
arith 2026.9.26.20370 0
array 2026.3.13.36158 0
builder 2026.3.7.7710 0
result 2026.2.26.8765 0
arith 2026.9.26.20370 0
array 2026.3.13.36158 0
result 2026.2.26.8765 0
str 2026.9.26.19244 0
arith 2026.9.26.20370 0
array 2026.3.13.36158 0
arith 2026.9.26.20370 0
array 2026.3.13.36158 0
arith 2026.9.26.20370 0
array 2026.3.13.36158 0
builder 2026.3.7.7710 0
result 2026.2.26.8765 0
arith 2026.9.26.20370 0
array 2026.3.13.36158 0
result 2026.2.26.8765 0
str 2026.9.26.19244 0
arith 2026.9.26.20370 0
array 2026.3.13.36158 0
arith 2026.9.26.20370 0
array 2026.3.13.36158 0
arith 2026.9.26.20370 0
array 2026.3.13.36158 0
builder 2026.3.7.7710 0
result 2026.2.26.8765 0
arith 2026.9.26.20370 0
array 2026.3.13.36158 0
result 2026.2.26.8765 0
str 2026.9.26.19244 0
arith 2026.9.26.20370 0
array 2026.3.13.36158 0
arith 2026.9.26.20370 0
array 2026.3.13.36158 0
arith 2026.9.26.20370 0
array 2026.3.13.36158 0
builder 2026.3.7.7710 0
result 2026.2.26.8765 0
arith 2026.9.26.20370 0
array 2026.3.13.36158 0
result 2026.2.26.8765 0
str 2026.9.26.19244 0
arith 2026.9.26.20370 0
array 2026.3.13.36158 0
arith 2026.9.26.20370 0
array 2026.3.13.36158 0
arith 2026.9.26.20370 0
array 2026.3.13.36158 0
builder 2026.3.7.7710 0
result 2026.2.26.8765 0
arith 2026.9.26.20370 0
array 2026.3.13.36158 0
result 2026.2.26.8765 0
str 2026.9.26.19244 0
arith 2026.9.26.20370 0
array 2026.3.13.36158 0
arith 2026.9.26.20370 0
array 2026.3.13.36158 0
